
Microsoft Visual Studio Solution File, Format Version 12.00
# Visual Studio Version 16
VisualStudioVersion = 16.0.31205.134
MinimumVisualStudioVersion = 10.0.40219.1
Project("{FAE04EC0-301F-11D3-BF4B-00C04F79EFBC}") = "GMapDownloader", "GMapDownloader.csproj", "{455F4C8F-55AC-4CB5-8C21-B65C75CABBB7}"
EndProject
Global
	GlobalSection(SolutionConfigurationPlatforms) = preSolution
		Debug|x86 = Debug|x86
		Release|x86 = Release|x86
	EndGlobalSection
	GlobalSection(ProjectConfigurationPlatforms) = postSolution
		{455F4C8F-55AC-4CB5-8C21-B65C75CABBB7}.Debug|x86.ActiveCfg = Debug|x86
		{455F4C8F-55AC-4CB5-8C21-B65C75CABBB7}.Debug|x86.Build.0 = Debug|x86
		{455F4C8F-55AC-4CB5-8C21-B65C75CABBB7}.Release|x86.ActiveCfg = Release|x86
		{455F4C8F-55AC-4CB5-8C21-B65C75CABBB7}.Release|x86.Build.0 = Release|x86
	EndGlobalSection
	GlobalSection(SolutionProperties) = preSolution
		HideSolutionNode = FALSE
	EndGlobalSection
	GlobalSection(ExtensibilityGlobals) = postSolution
		SolutionGuid = {7855F239-2FAD-49D6-A4CE-C116EB7ABC96}
	EndGlobalSection
EndGlobal
